
Microsoft Visual Studio Solution File, Format Version 12.00
# Visual Studio 15
VisualStudioVersion = 15.0.28010.0
MinimumVisualStudioVersion = 10.0.40219.1
Project("{FAE04EC0-301F-11D3-BF4B-00C04F79EFBC}") = "PatternApproach", "PatternApproach\PatternApproach.csproj", "{D1863183-601B-4AAB-9C32-9F22A5B52BCF}"
EndProject
Global
	GlobalSection(SolutionConfigurationPlatforms) = preSolution
		Debug|Any CPU = Debug|Any CPU
		Release|Any CPU = Release|Any CPU
	EndGlobalSection
	GlobalSection(ProjectConfigurationPlatforms) = postSolution
		{D1863183-601B-4AAB-9C32-9F22A5B52BCF}.Debug|Any CPU.ActiveCfg = Debug|Any CPU
		{D1863183-601B-4AAB-9C32-9F22A5B52BCF}.Debug|Any CPU.Build.0 = Debug|Any CPU
		{D1863183-601B-4AAB-9C32-9F22A5B52BCF}.Release|Any CPU.ActiveCfg = Release|Any CPU
		{D1863183-601B-4AAB-9C32-9F22A5B52BCF}.Release|Any CPU.Build.0 = Release|Any CPU
	EndGlobalSection
	GlobalSection(SolutionProperties) = preSolution
		HideSolutionNode = FALSE
	EndGlobalSection
	GlobalSection(ExtensibilityGlobals) = postSolution
		SolutionGuid = {DAD0DEFE-1E1B-4E1F-8057-E7EC99A17A4E}
	EndGlobalSection
EndGlobal
